
Microsoft Visual Studio Solution File, Format Version 12.00
# Visual Studio 2012
Project("{D954291E-2A0B-460D-934E-DC6B0785DB48}") = "MiHome", "MiHome\MiHome.shproj", "{77EFF100-3F55-4FA8-8089-03D35B3B57E0}"
EndProject
Project("{FAE04EC0-301F-11D3-BF4B-00C04F79EFBC}") = "MiHome.iOS", "iOS\MiHome.iOS.csproj", "{278FA716-3B4D-4825-87C5-ADEAC09A488A}"
EndProject
Project("{FAE04EC0-301F-11D3-BF4B-00C04F79EFBC}") = "MiHome.Droid", "Droid\MiHome.Droid.csproj", "{78401F50-6D8C-48CE-A800-19BE0293E3B2}"
EndProject
Global
	GlobalSection(SolutionConfigurationPlatforms) = preSolution
		Debug|iPhoneSimulator = Debug|iPhoneSimulator
		Release|iPhone = Release|iPhone
		Release|iPhoneSimulator = Release|iPhoneSimulator
		Debug|iPhone = Debug|iPhone
		Debug|Any CPU = Debug|Any CPU
		Release|Any CPU = Release|Any CPU
	EndGlobalSection
	GlobalSection(ProjectConfigurationPlatforms) = postSolution
		{278FA716-3B4D-4825-87C5-ADEAC09A488A}.Debug|iPhoneSimulator.ActiveCfg = Debug|iPhoneSimulator
		{278FA716-3B4D-4825-87C5-ADEAC09A488A}.Debug|iPhoneSimulator.Build.0 = Debug|iPhoneSimulator
		{278FA716-3B4D-4825-87C5-ADEAC09A488A}.Release|iPhone.ActiveCfg = Release|iPhone
		{278FA716-3B4D-4825-87C5-ADEAC09A488A}.Release|iPhone.Build.0 = Release|iPhone
		{278FA716-3B4D-4825-87C5-ADEAC09A488A}.Release|iPhoneSimulator.ActiveCfg = Release|iPhoneSimulator
		{278FA716-3B4D-4825-87C5-ADEAC09A488A}.Release|iPhoneSimulator.Build.0 = Release|iPhoneSimulator
		{278FA716-3B4D-4825-87C5-ADEAC09A488A}.Debug|iPhone.ActiveCfg = Debug|iPhone
		{278FA716-3B4D-4825-87C5-ADEAC09A488A}.Debug|iPhone.Build.0 = Debug|iPhone
		{278FA716-3B4D-4825-87C5-ADEAC09A488A}.Debug|Any CPU.ActiveCfg = Debug|iPhoneSimulator
		{278FA716-3B4D-4825-87C5-ADEAC09A488A}.Debug|Any CPU.Build.0 = Debug|iPhoneSimulator
		{278FA716-3B4D-4825-87C5-ADEAC09A488A}.Release|Any CPU.ActiveCfg = Release|iPhone
		{278FA716-3B4D-4825-87C5-ADEAC09A488A}.Release|Any CPU.Build.0 = Release|iPhone
		{78401F50-6D8C-48CE-A800-19BE0293E3B2}.Debug|iPhoneSimulator.ActiveCfg = Debug|Any CPU
		{78401F50-6D8C-48CE-A800-19BE0293E3B2}.Debug|iPhoneSimulator.Build.0 = Debug|Any CPU
		{78401F50-6D8C-48CE-A800-19BE0293E3B2}.Release|iPhone.ActiveCfg = Release|Any CPU
		{78401F50-6D8C-48CE-A800-19BE0293E3B2}.Release|iPhone.Build.0 = Release|Any CPU
		{78401F50-6D8C-48CE-A800-19BE0293E3B2}.Release|iPhoneSimulator.ActiveCfg = Release|Any CPU
		{78401F50-6D8C-48CE-A800-19BE0293E3B2}.Release|iPhoneSimulator.Build.0 = Release|Any CPU
		{78401F50-6D8C-48CE-A800-19BE0293E3B2}.Debug|iPhone.ActiveCfg = Debug|Any CPU
		{78401F50-6D8C-48CE-A800-19BE0293E3B2}.Debug|iPhone.Build.0 = Debug|Any CPU
		{78401F50-6D8C-48CE-A800-19BE0293E3B2}.Debug|Any CPU.ActiveCfg = Debug|Any CPU
		{78401F50-6D8C-48CE-A800-19BE0293E3B2}.Debug|Any CPU.Build.0 = Debug|Any CPU
		{78401F50-6D8C-48CE-A800-19BE0293E3B2}.Release|Any CPU.ActiveCfg = Release|Any CPU
		{78401F50-6D8C-48CE-A800-19BE0293E3B2}.Release|Any CPU.Build.0 = Release|Any CPU
	EndGlobalSection
EndGlobal
